{
  "name": "pcsclite-thai-smartcard-reader",
  "version": "1.0.0",
  "lockfileVersion": 1,
  "requires": true,
  "dependencies": {
    "axios": {
      "version": "0.20.0",
      "resolved": "https://registry.npmjs.org/axios/-/axios-0.20.0.tgz",
      "integrity": "sha512-ANA4rr2BDcmmAQLOKft2fufrtuvlqR+cXNNinUmvfeSNCOF98PZL+7M/v1zIdGo7OLjEA9J2gXJL+j4zGsl0bA==",
      "requires": {
        "follow-redirects": "^1.10.0"
      }
    },
    "bindings": {
      "version": "1.5.0",
      "resolved": "https://registry.npmjs.org/bindings/-/bindings-1.5.0.tgz",
      "integrity": "sha512-p2q/t/mhvuOj/UeLlV6566GD/guowlr0hHxClI0W9m7MWYkL1F0hLo+0Aexs9HSPCtR1SXQ0TD3MMKrXZajbiQ==",
      "requires": {
        "file-uri-to-path": "1.0.0"
      }
    },
    "datauri": {
      "version": "3.0.0",
      "resolved": "https://registry.npmjs.org/datauri/-/datauri-3.0.0.tgz",
      "integrity": "sha512-NeDFuUPV1YCpCn8MUIcDk1QnuyenUHs7f4Q5P0n9FFA0neKFrfEH9esR+YMW95BplbYfdmjbs0Pl/ZGAaM2QHQ==",
      "requires": {
        "image-size": "0.8.3",
        "mimer": "1.1.0"
      }
    },
    "file-uri-to-path": {
      "version": "1.0.0",
      "resolved": "https://registry.npmjs.org/file-uri-to-path/-/file-uri-to-path-1.0.0.tgz",
      "integrity": "sha512-0Zt+s3L7Vf1biwWZ29aARiVYLx7iMGnEUl9x33fbB/j3jR81u/O2LbqK+Bm1CDSNDKVtJ/YjwY7TUd5SkeLQLw=="
    },
    "follow-redirects": {
      "version": "1.13.0",
      "resolved": "https://registry.npmjs.org/follow-redirects/-/follow-redirects-1.13.0.tgz",
      "integrity": "sha512-aq6gF1BEKje4a9i9+5jimNFIpq4Q1WiwBToeRK5NvZBd/TRsmW8BsJfOEGkr76TbOyPVD3OVDN910EcUNtRYEA=="
    },
    "iconv-lite": {
      "version": "0.4.24",
      "resolved": "https://registry.npmjs.org/iconv-lite/-/iconv-lite-0.4.24.tgz",
      "integrity": "sha512-v3MXnZAcvnywkTUEZomIActle7RXXeedOR31wwl7VlyoXO4Qi9arvSenNQWne1TcRwhCL1HwLI21bEqdpj8/rA==",
      "requires": {
        "safer-buffer": ">= 2.1.2 < 3"
      }
    },
    "image-size": {
      "version": "0.8.3",
      "resolved": "https://registry.npmjs.org/image-size/-/image-size-0.8.3.tgz",
      "integrity": "sha512-SMtq1AJ+aqHB45c3FsB4ERK0UCiA2d3H1uq8s+8T0Pf8A3W4teyBQyaFaktH6xvZqh+npwlKU7i4fJo0r7TYTg==",
      "requires": {
        "queue": "6.0.1"
      }
    },
    "inherits": {
      "version": "2.0.4",
      "resolved": "https://registry.npmjs.org/inherits/-/inherits-2.0.4.tgz",
      "integrity": "sha512-k/vGaX4/Yla3WzyMCvTQOXYeIHvqOKtnqBduzTHpzpQZzAskKMhZ2K+EnBiSM9zGSoIFeMpXKxa4dYeZIQqewQ=="
    },
    "iso-8859-15": {
      "version": "0.1.2",
      "resolved": "https://registry.npmjs.org/iso-8859-15/-/iso-8859-15-0.1.2.tgz",
      "integrity": "sha1-KNGlzSp6OQMFl937HLiZeThCVzs="
    },
    "iso-8859-2": {
      "version": "0.1.2",
      "resolved": "https://registry.npmjs.org/iso-8859-2/-/iso-8859-2-0.1.2.tgz",
      "integrity": "sha1-VQtMDykufryHM6dv/S5pkIx77P4="
    },
    "iso-8859-3": {
      "version": "0.1.2",
      "resolved": "https://registry.npmjs.org/iso-8859-3/-/iso-8859-3-0.1.2.tgz",
      "integrity": "sha1-PeT+tr1fZjllI+aSLFfSGKXJd2Q="
    },
    "iso-8859-4": {
      "version": "0.1.2",
      "resolved": "https://registry.npmjs.org/iso-8859-4/-/iso-8859-4-0.1.2.tgz",
      "integrity": "sha1-bM3E/URq2f0uDPMXTnu9H1haw+Y="
    },
    "iso-8859-5": {
      "version": "0.1.2",
      "resolved": "https://registry.npmjs.org/iso-8859-5/-/iso-8859-5-0.1.2.tgz",
      "integrity": "sha1-oYkIiIXgtAXYgB9tbkLD/gxDvKs="
    },
    "iso-8859-6": {
      "version": "0.1.2",
      "resolved": "https://registry.npmjs.org/iso-8859-6/-/iso-8859-6-0.1.2.tgz",
      "integrity": "sha1-YQwEDlxfCXJzCqL4Kyjl54dNVmE="
    },
    "iso-8859-7": {
      "version": "0.1.2",
      "resolved": "https://registry.npmjs.org/iso-8859-7/-/iso-8859-7-0.1.2.tgz",
      "integrity": "sha1-Tlr64n716I4dXmziMVspkmDXuZk="
    },
    "iso-8859-8": {
      "version": "0.1.2",
      "resolved": "https://registry.npmjs.org/iso-8859-8/-/iso-8859-8-0.1.2.tgz",
      "integrity": "sha1-NUvZfApt4/ny7Q0x77ONQr+gvOU="
    },
    "iso-8859-8-i": {
      "version": "0.1.2",
      "resolved": "https://registry.npmjs.org/iso-8859-8-i/-/iso-8859-8-i-0.1.2.tgz",
      "integrity": "sha1-cAlX57fEK6i1RruHbbh1nQDyGVw="
    },
    "jconv": {
      "version": "0.1.5",
      "resolved": "https://registry.npmjs.org/jconv/-/jconv-0.1.5.tgz",
      "integrity": "sha1-xlDtukzCzm3Skr85ELEjQzxLR/U="
    },
    "koi8-r": {
      "version": "0.1.2",
      "resolved": "https://registry.npmjs.org/koi8-r/-/koi8-r-0.1.2.tgz",
      "integrity": "sha1-pc2d3IVV3NYAc1tokPLT2GlU5+g="
    },
    "legacy-encoding": {
      "version": "3.0.0",
      "resolved": "https://registry.npmjs.org/legacy-encoding/-/legacy-encoding-3.0.0.tgz",
      "integrity": "sha1-oTvTn9kXZXLhRTbTFd/KjqOA2OE=",
      "requires": {
        "iconv-lite": "^0.4.4",
        "iso-8859-15": "^0.1.2",
        "iso-8859-2": "^0.1.2",
        "iso-8859-3": "^0.1.2",
        "iso-8859-4": "^0.1.2",
        "iso-8859-5": "^0.1.2",
        "iso-8859-6": "^0.1.2",
        "iso-8859-7": "^0.1.2",
        "iso-8859-8": "^0.1.2",
        "iso-8859-8-i": "^0.1.2",
        "jconv": "^0.1.5",
        "koi8-r": "^0.1.2",
        "macintosh": "^0.1.2",
        "windows-1250": "^0.1.2",
        "windows-1251": "^0.1.2",
        "windows-1252": "^0.1.2",
        "windows-1253": "^0.1.2",
        "windows-1254": "^0.1.2",
        "windows-1255": "^0.1.2",
        "windows-1256": "^0.1.2",
        "windows-1257": "^0.1.2",
        "windows-1258": "^0.1.2",
        "windows-874": "^0.1.2",
        "x-mac-cyrillic": "^0.1.2"
      }
    },
    "macintosh": {
      "version": "0.1.2",
      "resolved": "https://registry.npmjs.org/macintosh/-/macintosh-0.1.2.tgz",
      "integrity": "sha1-gu9KUSjxqlH2I6pVRcJJRgdqybs="
    },
    "mimer": {
      "version": "1.1.0",
      "resolved": "https://registry.npmjs.org/mimer/-/mimer-1.1.0.tgz",
      "integrity": "sha512-y9dVfy2uiycQvDNiAYW6zp49ZhFlXDMr5wfdOiMbdzGM/0N5LNR6HTUn3un+WUQcM0koaw8FMTG1bt5EnHJdvQ=="
    },
    "nan": {
      "version": "2.14.1",
      "resolved": "https://registry.npmjs.org/nan/-/nan-2.14.1.tgz",
      "integrity": "sha512-isWHgVjnFjh2x2yuJ/tj3JbwoHu3UC2dX5G/88Cm24yB6YopVgxvBObDY7n5xW6ExmFhJpSEQqFPvq9zaXc8Jw=="
    },
    "pcsclite": {
      "version": "1.0.0",
      "resolved": "https://registry.npmjs.org/pcsclite/-/pcsclite-1.0.0.tgz",
      "integrity": "sha512-hmn4qYxdqhI7ysutE9sPaHwOnMunNK3LxByv4HnuME95KOfCuAywyBjV0gSVkU8ZUxMV0Ug2Fs1nLdv2V9xThA==",
      "requires": {
        "bindings": "^1.1.0",
        "nan": "^2.14.0"
      }
    },
    "queue": {
      "version": "6.0.1",
      "resolved": "https://registry.npmjs.org/queue/-/queue-6.0.1.tgz",
      "integrity": "sha512-AJBQabRCCNr9ANq8v77RJEv73DPbn55cdTb+Giq4X0AVnNVZvMHlYp7XlQiN+1npCZj1DuSmaA2hYVUUDgxFDg==",
      "requires": {
        "inherits": "~2.0.3"
      }
    },
    "safer-buffer": {
      "version": "2.1.2",
      "resolved": "https://registry.npmjs.org/safer-buffer/-/safer-buffer-2.1.2.tgz",
      "integrity": "sha512-YZo3K82SD7Riyi0E1EQPojLz7kpepnSQI9IyPbHHg1XXXevb5dJI7tpyN2ADxGcQbHG7vcyRHk0cbwqcQriUtg=="
    },
    "windows-1250": {
      "version": "0.1.2",
      "resolved": "https://registry.npmjs.org/windows-1250/-/windows-1250-0.1.2.tgz",
      "integrity": "sha1-w3uaBz5AW89CCB02uq8v3nc7mcw="
    },
    "windows-1251": {
      "version": "0.1.2",
      "resolved": "https://registry.npmjs.org/windows-1251/-/windows-1251-0.1.2.tgz",
      "integrity": "sha1-SIHY+QU9Dre1+l008PlNYN5DwtM="
    },
    "windows-1252": {
      "version": "0.1.2",
      "resolved": "https://registry.npmjs.org/windows-1252/-/windows-1252-0.1.2.tgz",
      "integrity": "sha1-Zit1Mede3ZRcLby6K/eZwXC4yBY="
    },
    "windows-1253": {
      "version": "0.1.2",
      "resolved": "https://registry.npmjs.org/windows-1253/-/windows-1253-0.1.2.tgz",
      "integrity": "sha1-z6AiW33dZqj0A43qbpOJRXMPklE="
    },
    "windows-1254": {
      "version": "0.1.2",
      "resolved": "https://registry.npmjs.org/windows-1254/-/windows-1254-0.1.2.tgz",
      "integrity": "sha1-rXeQfF7k7FGvpkpFyqJF7C1Ti4M="
    },
    "windows-1255": {
      "version": "0.1.2",
      "resolved": "https://registry.npmjs.org/windows-1255/-/windows-1255-0.1.2.tgz",
      "integrity": "sha1-HSCCyriBdV+jIr7ELz9iaRjMpSE="
    },
    "windows-1256": {
      "version": "0.1.2",
      "resolved": "https://registry.npmjs.org/windows-1256/-/windows-1256-0.1.2.tgz",
      "integrity": "sha1-mwlXRpikEnQfSzVsJFCo/5KpDJI="
    },
    "windows-1257": {
      "version": "0.1.2",
      "resolved": "https://registry.npmjs.org/windows-1257/-/windows-1257-0.1.2.tgz",
      "integrity": "sha1-i0xE7rDpcbtzQPv0+eZ06GDLtmY="
    },
    "windows-1258": {
      "version": "0.1.2",
      "resolved": "https://registry.npmjs.org/windows-1258/-/windows-1258-0.1.2.tgz",
      "integrity": "sha1-MCM96qvaEYSUJGkzOIVrlVLeVg4="
    },
    "windows-874": {
      "version": "0.1.2",
      "resolved": "https://registry.npmjs.org/windows-874/-/windows-874-0.1.2.tgz",
      "integrity": "sha1-dyI7Ptabdd6Yhtz6K73VI6fconc="
    },
    "x-mac-cyrillic": {
      "version": "0.1.2",
      "resolved": "https://registry.npmjs.org/x-mac-cyrillic/-/x-mac-cyrillic-0.1.2.tgz",
      "integrity": "sha1-dpMPw3V1SSmxCkmONFE3+Ut0ezw="
    }
  }
}
